
Microsoft Visual Studio Solution File, Format Version 12.00
# Visual Studio 2012
Project("{FAE04EC0-301F-11D3-BF4B-00C04F79EFBC}") = "RoadLights", "RoadLights\RoadLights.csproj", "{B915CEA7-2AB8-4451-B734-E8E43C9B9BCF}"
EndProject
Global
	GlobalSection(SolutionConfigurationPlatforms) = preSolution
		Debug|Any CPU = Debug|Any CPU
		Release|Any CPU = Release|Any CPU
	EndGlobalSection
	GlobalSection(ProjectConfigurationPlatforms) = postSolution
		{B915CEA7-2AB8-4451-B734-E8E43C9B9BCF}.Debug|Any CPU.ActiveCfg = Debug|Any CPU
		{B915CEA7-2AB8-4451-B734-E8E43C9B9BCF}.Debug|Any CPU.Build.0 = Debug|Any CPU
		{B915CEA7-2AB8-4451-B734-E8E43C9B9BCF}.Release|Any CPU.ActiveCfg = Release|Any CPU
		{B915CEA7-2AB8-4451-B734-E8E43C9B9BCF}.Release|Any CPU.Build.0 = Release|Any CPU
	EndGlobalSection
	GlobalSection(SolutionProperties) = preSolution
		HideSolutionNode = FALSE
	EndGlobalSection
EndGlobal
